<?xml version="1.0" encoding="utf-8"?>
<Project ToolsVersion="4.0" xmlns="http://schemas.microsoft.com/developer/msbuild/2003">
  <ItemGroup>
    <Filter Include="include">
      <UniqueIdentifier>{8818d5b8-25c9-4b00-a224-96e2084c54e3}</UniqueIdentifier>
    </Filter>
    <Filter Include="src">
      <UniqueIdentifier>{85381dbc-1466-4984-b89f-7bb8d33df7dc}</UniqueIdentifier>
    </Filter>
  </ItemGroup>
  <ItemGroup>
    <ClCompile Include="../src/main.cpp">
      <Filter>src</Filter>
    </ClCompile>
    <ClCompile Include="..\src\GoToTopBtn.cpp">
      <Filter>src</Filter>
    </ClCompile>
    <ClCompile Include="..\src\IOFunctions.cpp">
      <Filter>src</Filter>
    </ClCompile>
    <ClCompile Include="..\src\StringOperations.cpp">
      <Filter>src</Filter>
    </ClCompile>
    <ClCompile Include="..\src\Table.cpp">
      <Filter>src</Filter>
    </ClCompile>
    <ClCompile Include="..\src\TableOfContents.cpp">
      <Filter>src</Filter>
    </ClCompile>
  </ItemGroup>
  <ItemGroup>
    <ClInclude Include="..\include\GoToTopBtn.hpp">
      <Filter>include</Filter>
    </ClInclude>
    <ClInclude Include="..\include\IOFunctions.hpp">
      <Filter>include</Filter>
    </ClInclude>
    <ClInclude Include="..\include\StringOperations.hpp">
      <Filter>include</Filter>
    </ClInclude>
    <ClInclude Include="..\include\Table.hpp">
      <Filter>include</Filter>
    </ClInclude>
    <ClInclude Include="..\include\TableOfContents.hpp">
      <Filter>include</Filter>
    </ClInclude>
  </ItemGroup>
</Project>